// !$*UTF8*$!
{
	archiveVersion = 1;
	classes = {
	};
	objectVersion = 50;
	objects = {

/* Begin PBXBuildFile section */
		982A0F5224E7CECA00833EA6 /* AppDelegate.swift in Sources */ = {isa = PBXBuildFile; fileRef = 982A0F5124E7CECA00833EA6 /* AppDelegate.swift */; };
		982A0F5624E7CECA00833EA6 /* ViewController.swift in Sources */ = {isa = PBXBuildFile; fileRef = 982A0F5524E7CECA00833EA6 /* ViewController.swift */; };
		982A0F5924E7CECA00833EA6 /* Main.storyboard in Resources */ = {isa = PBXBuildFile; fileRef = 982A0F5724E7CECA00833EA6 /* Main.storyboard */; };
		982A0F5B24E7CECE00833EA6 /* Assets.xcassets in Resources */ = {isa = PBXBuildFile; fileRef = 982A0F5A24E7CECE00833EA6 /* Assets.xcassets */; };
		982A0F5E24E7CECE00833EA6 /* LaunchScreen.storyboard in Resources */ = {isa = PBXBuildFile; fileRef = 982A0F5C24E7CECE00833EA6 /* LaunchScreen.storyboard */; };
		982A0F6624E7D0A400833EA6 /* BreedListViewController.swift in Sources */ = {isa = PBXBuildFile; fileRef = 982A0F6524E7D0A400833EA6 /* BreedListViewController.swift */; };
		982A0F6924E7D12300833EA6 /* BreedTableViewCell.swift in Sources */ = {isa = PBXBuildFile; fileRef = 982A0F6824E7D12300833EA6 /* BreedTableViewCell.swift */; };
		982A0F6C24E7D9D500833EA6 /* Breed.swift in Sources */ = {isa = PBXBuildFile; fileRef = 982A0F6B24E7D9D500833EA6 /* Breed.swift */; };
		982A0F7024E92E4200833EA6 /* SubBreedListViewController.swift in Sources */ = {isa = PBXBuildFile; fileRef = 982A0F6F24E92E4200833EA6 /* SubBreedListViewController.swift */; };
		982A0F7324E931E000833EA6 /* SubBreedTableViewCell.swift in Sources */ = {isa = PBXBuildFile; fileRef = 982A0F7224E931E000833EA6 /* SubBreedTableViewCell.swift */; };
		982A0F7B24E971E900833EA6 /* PhotosListViewController.swift in Sources */ = {isa = PBXBuildFile; fileRef = 982A0F7A24E971E900833EA6 /* PhotosListViewController.swift */; };
		982A0F7D24E977F900833EA6 /* PhotoPageViewController.swift in Sources */ = {isa = PBXBuildFile; fileRef = 982A0F7C24E977F900833EA6 /* PhotoPageViewController.swift */; };
		982A0F8024EA905300833EA6 /* FavoriteListViewController.swift in Sources */ = {isa = PBXBuildFile; fileRef = 982A0F7F24EA905300833EA6 /* FavoriteListViewController.swift */; };
		982A0F8224EA918900833EA6 /* FavouriteTableViewCell.swift in Sources */ = {isa = PBXBuildFile; fileRef = 982A0F8124EA918900833EA6 /* FavouriteTableViewCell.swift */; };
		982A0F8424EAB3E300833EA6 /* FavouritePhotoViewController.swift in Sources */ = {isa = PBXBuildFile; fileRef = 982A0F8324EAB3E300833EA6 /* FavouritePhotoViewController.swift */; };
		982A0F8924EBDCCE00833EA6 /* BreedListViewModel.swift in Sources */ = {isa = PBXBuildFile; fileRef = 982A0F8824EBDCCE00833EA6 /* BreedListViewModel.swift */; };
		982A0F8B24EBE27F00833EA6 /* FavouriteListViewModel.swift in Sources */ = {isa = PBXBuildFile; fileRef = 982A0F8A24EBE27F00833EA6 /* FavouriteListViewModel.swift */; };
		982A0F8E24EBE5A600833EA6 /* PhotosListViewModel.swift in Sources */ = {isa = PBXBuildFile; fileRef = 982A0F8D24EBE5A600833EA6 /* PhotosListViewModel.swift */; };
		982A0F9024EBEB8500833EA6 /* FavouritePhotoViewModel.swift in Sources */ = {isa = PBXBuildFile; fileRef = 982A0F8F24EBEB8500833EA6 /* FavouritePhotoViewModel.swift */; };
/* End PBXBuildFile section */

/* Begin PBXFileReference section */
		982A0F4E24E7CECA00833EA6 /* testTask.app */ = {isa = PBXFileReference; explicitFileType = wrapper.application; includeInIndex = 0; path = testTask.app; sourceTree = BUILT_PRODUCTS_DIR; };
		982A0F5124E7CECA00833EA6 /* AppDelegate.swift */ = {isa = PBXFileReference; lastKnownFileType = sourcecode.swift; path = AppDelegate.swift; sourceTree = "<group>"; };
		982A0F5524E7CECA00833EA6 /* ViewController.swift */ = {isa = PBXFileReference; lastKnownFileType = sourcecode.swift; path = ViewController.swift; sourceTree = "<group>"; };
		982A0F5824E7CECA00833EA6 /* Base */ = {isa = PBXFileReference; lastKnownFileType = file.storyboard; name = Base; path = Base.lproj/Main.storyboard; sourceTree = "<group>"; };
		982A0F5A24E7CECE00833EA6 /* Assets.xcassets */ = {isa = PBXFileReference; lastKnownFileType = folder.assetcatalog; path = Assets.xcassets; sourceTree = "<group>"; };
		982A0F5D24E7CECE00833EA6 /* Base */ = {isa = PBXFileReference; lastKnownFileType = file.storyboard; name = Base; path = Base.lproj/LaunchScreen.storyboard; sourceTree = "<group>"; };
		982A0F5F24E7CECE00833EA6 /* Info.plist */ = {isa = PBXFileReference; lastKnownFileType = text.plist.xml; path = Info.plist; sourceTree = "<group>"; };
		982A0F6524E7D0A400833EA6 /* BreedListViewController.swift */ = {isa = PBXFileReference; lastKnownFileType = sourcecode.swift; path = BreedListViewController.swift; sourceTree = "<group>"; };
		982A0F6824E7D12300833EA6 /* BreedTableViewCell.swift */ = {isa = PBXFileReference; lastKnownFileType = sourcecode.swift; path = BreedTableViewCell.swift; sourceTree = "<group>"; };
		982A0F6B24E7D9D500833EA6 /* Breed.swift */ = {isa = PBXFileReference; lastKnownFileType = sourcecode.swift; path = Breed.swift; sourceTree = "<group>"; };
		982A0F6F24E92E4200833EA6 /* SubBreedListViewController.swift */ = {isa = PBXFileReference; lastKnownFileType = sourcecode.swift; path = SubBreedListViewController.swift; sourceTree = "<group>"; };
		982A0F7224E931E000833EA6 /* SubBreedTableViewCell.swift */ = {isa = PBXFileReference; lastKnownFileType = sourcecode.swift; path = SubBreedTableViewCell.swift; sourceTree = "<group>"; };
		982A0F7A24E971E900833EA6 /* PhotosListViewController.swift */ = {isa = PBXFileReference; lastKnownFileType = sourcecode.swift; path = PhotosListViewController.swift; sourceTree = "<group>"; };
		982A0F7C24E977F900833EA6 /* PhotoPageViewController.swift */ = {isa = PBXFileReference; lastKnownFileType = sourcecode.swift; path = PhotoPageViewController.swift; sourceTree = "<group>"; };
		982A0F7F24EA905300833EA6 /* FavoriteListViewController.swift */ = {isa = PBXFileReference; lastKnownFileType = sourcecode.swift; path = FavoriteListViewController.swift; sourceTree = "<group>"; };
		982A0F8124EA918900833EA6 /* FavouriteTableViewCell.swift */ = {isa = PBXFileReference; lastKnownFileType = sourcecode.swift; path = FavouriteTableViewCell.swift; sourceTree = "<group>"; };
		982A0F8324EAB3E300833EA6 /* FavouritePhotoViewController.swift */ = {isa = PBXFileReference; lastKnownFileType = sourcecode.swift; path = FavouritePhotoViewController.swift; sourceTree = "<group>"; };
		982A0F8824EBDCCE00833EA6 /* BreedListViewModel.swift */ = {isa = PBXFileReference; lastKnownFileType = sourcecode.swift; path = BreedListViewModel.swift; sourceTree = "<group>"; };
		982A0F8A24EBE27F00833EA6 /* FavouriteListViewModel.swift */ = {isa = PBXFileReference; lastKnownFileType = sourcecode.swift; path = FavouriteListViewModel.swift; sourceTree = "<group>"; };
		982A0F8D24EBE5A600833EA6 /* PhotosListViewModel.swift */ = {isa = PBXFileReference; lastKnownFileType = sourcecode.swift; path = PhotosListViewModel.swift; sourceTree = "<group>"; };
		982A0F8F24EBEB8500833EA6 /* FavouritePhotoViewModel.swift */ = {isa = PBXFileReference; lastKnownFileType = sourcecode.swift; path = FavouritePhotoViewModel.swift; sourceTree = "<group>"; };
/* End PBXFileReference section */

/* Begin PBXFrameworksBuildPhase section */
		982A0F4B24E7CECA00833EA6 /* Frameworks */ = {
			isa = PBXFrameworksBuildPhase;
			buildActionMask = 2147483647;
			files = (
			);
			runOnlyForDeploymentPostprocessing = 0;
		};
/* End PBXFrameworksBuildPhase section */

/* Begin PBXGroup section */
		982A0F4524E7CECA00833EA6 = {
			isa = PBXGroup;
			children = (
				982A0F5024E7CECA00833EA6 /* testTask */,
				982A0F4F24E7CECA00833EA6 /* Products */,
			);
			sourceTree = "<group>";
		};
		982A0F4F24E7CECA00833EA6 /* Products */ = {
			isa = PBXGroup;
			children = (
				982A0F4E24E7CECA00833EA6 /* testTask.app */,
			);
			name = Products;
			sourceTree = "<group>";
		};
		982A0F5024E7CECA00833EA6 /* testTask */ = {
			isa = PBXGroup;
			children = (
				982A0F8C24EBE53D00833EA6 /* PhotosList */,
				982A0F6A24E7D95700833EA6 /* Models */,
				982A0F6724E7D0FA00833EA6 /* BreedList */,
				982A0F7124E9317900833EA6 /* SubBreedList */,
				982A0F7E24EA902D00833EA6 /* FavouriteList */,
				982A0F7C24E977F900833EA6 /* PhotoPageViewController.swift */,
				982A0F5124E7CECA00833EA6 /* AppDelegate.swift */,
				982A0F5524E7CECA00833EA6 /* ViewController.swift */,
				982A0F5724E7CECA00833EA6 /* Main.storyboard */,
				982A0F5A24E7CECE00833EA6 /* Assets.xcassets */,
				982A0F5C24E7CECE00833EA6 /* LaunchScreen.storyboard */,
				982A0F5F24E7CECE00833EA6 /* Info.plist */,
			);
			path = testTask;
			sourceTree = "<group>";
		};
		982A0F6724E7D0FA00833EA6 /* BreedList */ = {
			isa = PBXGroup;
			children = (
				982A0F8824EBDCCE00833EA6 /* BreedListViewModel.swift */,
				982A0F6524E7D0A400833EA6 /* BreedListViewController.swift */,
				982A0F6824E7D12300833EA6 /* BreedTableViewCell.swift */,
			);
			path = BreedList;
			sourceTree = "<group>";
		};
		982A0F6A24E7D95700833EA6 /* Models */ = {
			isa = PBXGroup;
			children = (
				982A0F6B24E7D9D500833EA6 /* Breed.swift */,
			);
			path = Models;
			sourceTree = "<group>";
		};
		982A0F7124E9317900833EA6 /* SubBreedList */ = {
			isa = PBXGroup;
			children = (
				982A0F6F24E92E4200833EA6 /* SubBreedListViewController.swift */,
				982A0F7224E931E000833EA6 /* SubBreedTableViewCell.swift */,
			);
			path = SubBreedList;
			sourceTree = "<group>";
		};
		982A0F7E24EA902D00833EA6 /* FavouriteList */ = {
			isa = PBXGroup;
			children = (
				982A0F8A24EBE27F00833EA6 /* FavouriteListViewModel.swift */,
				982A0F7F24EA905300833EA6 /* FavoriteListViewController.swift */,
				982A0F8124EA918900833EA6 /* FavouriteTableViewCell.swift */,
				982A0F8F24EBEB8500833EA6 /* FavouritePhotoViewModel.swift */,
				982A0F8324EAB3E300833EA6 /* FavouritePhotoViewController.swift */,
			);
			path = FavouriteList;
			sourceTree = "<group>";
		};
		982A0F8C24EBE53D00833EA6 /* PhotosList */ = {
			isa = PBXGroup;
			children = (
				982A0F8D24EBE5A600833EA6 /* PhotosListViewModel.swift */,
				982A0F7A24E971E900833EA6 /* PhotosListViewController.swift */,
			);
			path = PhotosList;
			sourceTree = "<group>";
		};
/* End PBXGroup section */

/* Begin PBXNativeTarget section */
		982A0F4D24E7CECA00833EA6 /* testTask */ = {
			isa = PBXNativeTarget;
			buildConfigurationList = 982A0F6224E7CECE00833EA6 /* Build configuration list for PBXNativeTarget "testTask" */;
			buildPhases = (
				982A0F4A24E7CECA00833EA6 /* Sources */,
				982A0F4B24E7CECA00833EA6 /* Frameworks */,
				982A0F4C24E7CECA00833EA6 /* Resources */,
			);
			buildRules = (
			);
			dependencies = (
			);
			name = testTask;
			productName = testTask;
			productReference = 982A0F4E24E7CECA00833EA6 /* testTask.app */;
			productType = "com.apple.product-type.application";
		};
/* End PBXNativeTarget section */

/* Begin PBXProject section */
		982A0F4624E7CECA00833EA6 /* Project object */ = {
			isa = PBXProject;
			attributes = {
				LastSwiftUpdateCheck = 1160;
				LastUpgradeCheck = 1160;
				ORGANIZATIONNAME = SashaShch;
				TargetAttributes = {
					982A0F4D24E7CECA00833EA6 = {
						CreatedOnToolsVersion = 11.6;
					};
				};
			};
			buildConfigurationList = 982A0F4924E7CECA00833EA6 /* Build configuration list for PBXProject "testTask" */;
			compatibilityVersion = "Xcode 9.3";
			developmentRegion = en;
			hasScannedForEncodings = 0;
			knownRegions = (
				en,
				Base,
			);
			mainGroup = 982A0F4524E7CECA00833EA6;
			productRefGroup = 982A0F4F24E7CECA00833EA6 /* Products */;
			projectDirPath = "";
			projectRoot = "";
			targets = (
				982A0F4D24E7CECA00833EA6 /* testTask */,
			);
		};
/* End PBXProject section */

/* Begin PBXResourcesBuildPhase section */
		982A0F4C24E7CECA00833EA6 /* Resources */ = {
			isa = PBXResourcesBuildPhase;
			buildActionMask = 2147483647;
			files = (
				982A0F5E24E7CECE00833EA6 /* LaunchScreen.storyboard in Resources */,
				982A0F5B24E7CECE00833EA6 /* Assets.xcassets in Resources */,
				982A0F5924E7CECA00833EA6 /* Main.storyboard in Resources */,
			);
			runOnlyForDeploymentPostprocessing = 0;
		};
/* End PBXResourcesBuildPhase section */

/* Begin PBXSourcesBuildPhase section */
		982A0F4A24E7CECA00833EA6 /* Sources */ = {
			isa = PBXSourcesBuildPhase;
			buildActionMask = 2147483647;
			files = (
				982A0F6924E7D12300833EA6 /* BreedTableViewCell.swift in Sources */,
				982A0F8424EAB3E300833EA6 /* FavouritePhotoViewController.swift in Sources */,
				982A0F8E24EBE5A600833EA6 /* PhotosListViewModel.swift in Sources */,
				982A0F9024EBEB8500833EA6 /* FavouritePhotoViewModel.swift in Sources */,
				982A0F7024E92E4200833EA6 /* SubBreedListViewController.swift in Sources */,
				982A0F7D24E977F900833EA6 /* PhotoPageViewController.swift in Sources */,
				982A0F5624E7CECA00833EA6 /* ViewController.swift in Sources */,
				982A0F5224E7CECA00833EA6 /* AppDelegate.swift in Sources */,
				982A0F8B24EBE27F00833EA6 /* FavouriteListViewModel.swift in Sources */,
				982A0F6C24E7D9D500833EA6 /* Breed.swift in Sources */,
				982A0F8924EBDCCE00833EA6 /* BreedListViewModel.swift in Sources */,
				982A0F7324E931E000833EA6 /* SubBreedTableViewCell.swift in Sources */,
				982A0F8224EA918900833EA6 /* FavouriteTableViewCell.swift in Sources */,
				982A0F7B24E971E900833EA6 /* PhotosListViewController.swift in Sources */,
				982A0F8024EA905300833EA6 /* FavoriteListViewController.swift in Sources */,
				982A0F6624E7D0A400833EA6 /* BreedListViewController.swift in Sources */,
			);
			runOnlyForDeploymentPostprocessing = 0;
		};
/* End PBXSourcesBuildPhase section */

/* Begin PBXVariantGroup section */
		982A0F5724E7CECA00833EA6 /* Main.storyboard */ = {
			isa = PBXVariantGroup;
			children = (
				982A0F5824E7CECA00833EA6 /* Base */,
			);
			name = Main.storyboard;
			sourceTree = "<group>";
		};
		982A0F5C24E7CECE00833EA6 /* LaunchScreen.storyboard */ = {
			isa = PBXVariantGroup;
			children = (
				982A0F5D24E7CECE00833EA6 /* Base */,
			);
			name = LaunchScreen.storyboard;
			sourceTree = "<group>";
		};
/* End PBXVariantGroup section */

/* Begin XCBuildConfiguration section */
		982A0F6024E7CECE00833EA6 /* Debug */ = {
			isa = XCBuildConfiguration;
			buildSettings = {
				ALWAYS_SEARCH_USER_PATHS = NO;
				CLANG_ANALYZER_NONNULL = YES;
				CLANG_ANALYZER_NUMBER_OBJECT_CONVERSION = YES_AGGRESSIVE;
				CLANG_CXX_LANGUAGE_STANDARD = "gnu++14";
				CLANG_CXX_LIBRARY = "libc++";
				CLANG_ENABLE_MODULES = YES;
				CLANG_ENABLE_OBJC_ARC = YES;
				CLANG_ENABLE_OBJC_WEAK = YES;
				CLANG_WARN_BLOCK_CAPTURE_AUTORELEASING = YES;
				CLANG_WARN_BOOL_CONVERSION = YES;
				CLANG_WARN_COMMA = YES;
				CLANG_WARN_CONSTANT_CONVERSION = YES;
				CLANG_WARN_DEPRECATED_OBJC_IMPLEMENTATIONS = YES;
				CLANG_WARN_DIRECT_OBJC_ISA_USAGE = YES_ERROR;
				CLANG_WARN_DOCUMENTATION_COMMENTS = YES;
				CLANG_WARN_EMPTY_BODY = YES;
				CLANG_WARN_ENUM_CONVERSION = YES;
				CLANG_WARN_INFINITE_RECURSION = YES;
				CLANG_WARN_INT_CONVERSION = YES;
				CLANG_WARN_NON_LITERAL_NULL_CONVERSION = YES;
				CLANG_WARN_OBJC_IMPLICIT_RETAIN_SELF = YES;
				CLANG_WARN_OBJC_LITERAL_CONVERSION = YES;
				CLANG_WARN_OBJC_ROOT_CLASS = YES_ERROR;
				CLANG_WARN_RANGE_LOOP_ANALYSIS = YES;
				CLANG_WARN_STRICT_PROTOTYPES = YES;
				CLANG_WARN_SUSPICIOUS_MOVE = YES;
				CLANG_WARN_UNGUARDED_AVAILABILITY = YES_AGGRESSIVE;
				CLANG_WARN_UNREACHABLE_CODE = YES;
				CLANG_WARN__DUPLICATE_METHOD_MATCH = YES;
				COPY_PHASE_STRIP = NO;
				DEBUG_INFORMATION_FORMAT = dwarf;
				ENABLE_STRICT_OBJC_MSGSEND = YES;
				ENABLE_TESTABILITY = YES;
				GCC_C_LANGUAGE_STANDARD = gnu11;
				GCC_DYNAMIC_NO_PIC = NO;
				GCC_NO_COMMON_BLOCKS = YES;
				GCC_OPTIMIZATION_LEVEL = 0;
				GCC_PREPROCESSOR_DEFINITIONS = (
					"DEBUG=1",
					"$(inherited)",
				);
				GCC_WARN_64_TO_32_BIT_CONVERSION = YES;
				GCC_WARN_ABOUT_RETURN_TYPE = YES_ERROR;
				GCC_WARN_UNDECLARED_SELECTOR = YES;
				GCC_WARN_UNINITIALIZED_AUTOS = YES_AGGRESSIVE;
				GCC_WARN_UNUSED_FUNCTION = YES;
				GCC_WARN_UNUSED_VARIABLE = YES;
				IPHONEOS_DEPLOYMENT_TARGET = 13.6;
				MTL_ENABLE_DEBUG_INFO = INCLUDE_SOURCE;
				MTL_FAST_MATH = YES;
				ONLY_ACTIVE_ARCH = YES;
				SDKROOT = iphoneos;
				SWIFT_ACTIVE_COMPILATION_CONDITIONS = DEBUG;
				SWIFT_OPTIMIZATION_LEVEL = "-Onone";
			};
			name = Debug;
		};
		982A0F6124E7CECE00833EA6 /* Release */ = {
			isa = XCBuildConfiguration;
			buildSettings = {
				ALWAYS_SEARCH_USER_PATHS = NO;
				CLANG_ANALYZER_NONNULL = YES;
				CLANG_ANALYZER_NUMBER_OBJECT_CONVERSION = YES_AGGRESSIVE;
				CLANG_CXX_LANGUAGE_STANDARD = "gnu++14";
				CLANG_CXX_LIBRARY = "libc++";
				CLANG_ENABLE_MODULES = YES;
				CLANG_ENABLE_OBJC_ARC = YES;
				CLANG_ENABLE_OBJC_WEAK = YES;
				CLANG_WARN_BLOCK_CAPTURE_AUTORELEASING = YES;
				CLANG_WARN_BOOL_CONVERSION = YES;
				CLANG_WARN_COMMA = YES;
				CLANG_WARN_CONSTANT_CONVERSION = YES;
				CLANG_WARN_DEPRECATED_OBJC_IMPLEMENTATIONS = YES;
				CLANG_WARN_DIRECT_OBJC_ISA_USAGE = YES_ERROR;
				CLANG_WARN_DOCUMENTATION_COMMENTS = YES;
				CLANG_WARN_EMPTY_BODY = YES;
				CLANG_WARN_ENUM_CONVERSION = YES;
				CLANG_WARN_INFINITE_RECURSION = YES;
				CLANG_WARN_INT_CONVERSION = YES;
				CLANG_WARN_NON_LITERAL_NULL_CONVERSION = YES;
				CLANG_WARN_OBJC_IMPLICIT_RETAIN_SELF = YES;
				CLANG_WARN_OBJC_LITERAL_CONVERSION = YES;
				CLANG_WARN_OBJC_ROOT_CLASS = YES_ERROR;
				CLANG_WARN_RANGE_LOOP_ANALYSIS = YES;
				CLANG_WARN_STRICT_PROTOTYPES = YES;
				CLANG_WARN_SUSPICIOUS_MOVE = YES;
				CLANG_WARN_UNGUARDED_AVAILABILITY = YES_AGGRESSIVE;
				CLANG_WARN_UNREACHABLE_CODE = YES;
				CLANG_WARN__DUPLICATE_METHOD_MATCH = YES;
				COPY_PHASE_STRIP = NO;
				DEBUG_INFORMATION_FORMAT = "dwarf-with-dsym";
				ENABLE_NS_ASSERTIONS = NO;
				ENABLE_STRICT_OBJC_MSGSEND = YES;
				GCC_C_LANGUAGE_STANDARD = gnu11;
				GCC_NO_COMMON_BLOCKS = YES;
				GCC_WARN_64_TO_32_BIT_CONVERSION = YES;
				GCC_WARN_ABOUT_RETURN_TYPE = YES_ERROR;
				GCC_WARN_UNDECLARED_SELECTOR = YES;
				GCC_WARN_UNINITIALIZED_AUTOS = YES_AGGRESSIVE;
				GCC_WARN_UNUSED_FUNCTION = YES;
				GCC_WARN_UNUSED_VARIABLE = YES;
				IPHONEOS_DEPLOYMENT_TARGET = 13.6;
				MTL_ENABLE_DEBUG_INFO = NO;
				MTL_FAST_MATH = YES;
				SDKROOT = iphoneos;
				SWIFT_COMPILATION_MODE = wholemodule;
				SWIFT_OPTIMIZATION_LEVEL = "-O";
				VALIDATE_PRODUCT = YES;
			};
			name = Release;
		};
		982A0F6324E7CECE00833EA6 /* Debug */ = {
			isa = XCBuildConfiguration;
			buildSettings = {
				ASSETCATALOG_COMPILER_APPICON_NAME = AppIcon;
				CODE_SIGN_STYLE = Automatic;
				DEVELOPMENT_TEAM = 74969M422Y;
				INFOPLIST_FILE = testTask/Info.plist;
				LD_RUNPATH_SEARCH_PATHS = (
					"$(inherited)",
					"@executable_path/Frameworks",
				);
				PRODUCT_BUNDLE_IDENTIFIER = sashaShch.testTask;
				PRODUCT_NAME = "$(TARGET_NAME)";
				SWIFT_VERSION = 5.0;
				TARGETED_DEVICE_FAMILY = "1,2";
			};
			name = Debug;
		};
		982A0F6424E7CECE00833EA6 /* Release */ = {
			isa = XCBuildConfiguration;
			buildSettings = {
				ASSETCATALOG_COMPILER_APPICON_NAME = AppIcon;
				CODE_SIGN_STYLE = Automatic;
				DEVELOPMENT_TEAM = 74969M422Y;
				INFOPLIST_FILE = testTask/Info.plist;
				LD_RUNPATH_SEARCH_PATHS = (
					"$(inherited)",
					"@executable_path/Frameworks",
				);
				PRODUCT_BUNDLE_IDENTIFIER = sashaShch.testTask;
				PRODUCT_NAME = "$(TARGET_NAME)";
				SWIFT_VERSION = 5.0;
				TARGETED_DEVICE_FAMILY = "1,2";
			};
			name = Release;
		};
/* End XCBuildConfiguration section */

/* Begin XCConfigurationList section */
		982A0F4924E7CECA00833EA6 /* Build configuration list for PBXProject "testTask" */ = {
			isa = XCConfigurationList;
			buildConfigurations = (
				982A0F6024E7CECE00833EA6 /* Debug */,
				982A0F6124E7CECE00833EA6 /* Release */,
			);
			defaultConfigurationIsVisible = 0;
			defaultConfigurationName = Release;
		};
		982A0F6224E7CECE00833EA6 /* Build configuration list for PBXNativeTarget "testTask" */ = {
			isa = XCConfigurationList;
			buildConfigurations = (
				982A0F6324E7CECE00833EA6 /* Debug */,
				982A0F6424E7CECE00833EA6 /* Release */,
			);
			defaultConfigurationIsVisible = 0;
			defaultConfigurationName = Release;
		};
/* End XCConfigurationList section */
	};
	rootObject = 982A0F4624E7CECA00833EA6 /* Project object */;
}
